
Microsoft Visual Studio Solution File, Format Version 12.00
# Visual Studio Version 16
VisualStudioVersion = 16.0.30011.22
MinimumVisualStudioVersion = 10.0.40219.1
Project("{2150E333-8FDC-42A3-9474-1A3956D46DE8}") = "Aplicacao", "Aplicacao", "{AD3B6C44-9E7C-4FE8-AB67-5DE7BF587443}"
EndProject
Project("{2150E333-8FDC-42A3-9474-1A3956D46DE8}") = "Apresentacao", "Apresentacao", "{3FDDC05E-F53B-4794-8457-BAB926CA8F33}"
EndProject
Project("{2150E333-8FDC-42A3-9474-1A3956D46DE8}") = "Dominio", "Dominio", "{A16AFA45-E613-4DE9-9979-750A3127A359}"
EndProject
Project("{2150E333-8FDC-42A3-9474-1A3956D46DE8}") = "Infraestrutura", "Infraestrutura", "{945DBE6C-AA22-43CC-9790-6859306C6848}"
EndProject
Project("{FAE04EC0-301F-11D3-BF4B-00C04F79EFBC}") = "Template.Aplicacao", "Template.Aplicacao\Template.Aplicacao.csproj", "{FE0F3B34-BB4C-46A7-9012-08B4AB8F72C9}"
EndProject
Project("{FAE04EC0-301F-11D3-BF4B-00C04F79EFBC}") = "Template.Infraestrutura.Data", "Template.Infraestrutura.Data\Template.Infraestrutura.Data.csproj", "{0ECDD0DB-0A70-46A3-A594-CCF782D3D800}"
EndProject
Project("{FAE04EC0-301F-11D3-BF4B-00C04F79EFBC}") = "Template.Infraestrutura.Container", "Template.Infraestrutura.Container\Template.Infraestrutura.Container.csproj", "{077DEE0F-9998-4A29-9196-9EE40A327EBE}"
EndProject
Project("{FAE04EC0-301F-11D3-BF4B-00C04F79EFBC}") = "Template.Infraestrutura.Dominio", "Template.Infraestrutura.Dominio\Template.Infraestrutura.Dominio.csproj", "{8763D5E0-4E26-47B9-8F97-66504FF6309E}"
EndProject
Global
	GlobalSection(SolutionConfigurationPlatforms) = preSolution
		Debug|Any CPU = Debug|Any CPU
		Release|Any CPU = Release|Any CPU
	EndGlobalSection
	GlobalSection(ProjectConfigurationPlatforms) = postSolution
		{FE0F3B34-BB4C-46A7-9012-08B4AB8F72C9}.Debug|Any CPU.ActiveCfg = Debug|Any CPU
		{FE0F3B34-BB4C-46A7-9012-08B4AB8F72C9}.Debug|Any CPU.Build.0 = Debug|Any CPU
		{FE0F3B34-BB4C-46A7-9012-08B4AB8F72C9}.Release|Any CPU.ActiveCfg = Release|Any CPU
		{FE0F3B34-BB4C-46A7-9012-08B4AB8F72C9}.Release|Any CPU.Build.0 = Release|Any CPU
		{0ECDD0DB-0A70-46A3-A594-CCF782D3D800}.Debug|Any CPU.ActiveCfg = Debug|Any CPU
		{0ECDD0DB-0A70-46A3-A594-CCF782D3D800}.Debug|Any CPU.Build.0 = Debug|Any CPU
		{0ECDD0DB-0A70-46A3-A594-CCF782D3D800}.Release|Any CPU.ActiveCfg = Release|Any CPU
		{0ECDD0DB-0A70-46A3-A594-CCF782D3D800}.Release|Any CPU.Build.0 = Release|Any CPU
		{077DEE0F-9998-4A29-9196-9EE40A327EBE}.Debug|Any CPU.ActiveCfg = Debug|Any CPU
		{077DEE0F-9998-4A29-9196-9EE40A327EBE}.Debug|Any CPU.Build.0 = Debug|Any CPU
		{077DEE0F-9998-4A29-9196-9EE40A327EBE}.Release|Any CPU.ActiveCfg = Release|Any CPU
		{077DEE0F-9998-4A29-9196-9EE40A327EBE}.Release|Any CPU.Build.0 = Release|Any CPU
		{8763D5E0-4E26-47B9-8F97-66504FF6309E}.Debug|Any CPU.ActiveCfg = Debug|Any CPU
		{8763D5E0-4E26-47B9-8F97-66504FF6309E}.Debug|Any CPU.Build.0 = Debug|Any CPU
		{8763D5E0-4E26-47B9-8F97-66504FF6309E}.Release|Any CPU.ActiveCfg = Release|Any CPU
		{8763D5E0-4E26-47B9-8F97-66504FF6309E}.Release|Any CPU.Build.0 = Release|Any CPU
	EndGlobalSection
	GlobalSection(SolutionProperties) = preSolution
		HideSolutionNode = FALSE
	EndGlobalSection
	GlobalSection(NestedProjects) = preSolution
		{FE0F3B34-BB4C-46A7-9012-08B4AB8F72C9} = {AD3B6C44-9E7C-4FE8-AB67-5DE7BF587443}
		{0ECDD0DB-0A70-46A3-A594-CCF782D3D800} = {945DBE6C-AA22-43CC-9790-6859306C6848}
		{077DEE0F-9998-4A29-9196-9EE40A327EBE} = {945DBE6C-AA22-43CC-9790-6859306C6848}
		{8763D5E0-4E26-47B9-8F97-66504FF6309E} = {A16AFA45-E613-4DE9-9979-750A3127A359}
	EndGlobalSection
	GlobalSection(ExtensibilityGlobals) = postSolution
		SolutionGuid = {6C0CED86-6DC4-4E98-BB17-B26C3D4139B9}
	EndGlobalSection
EndGlobal
